# THIS IS AN AUTOGENERATED FILE. DO NOT EDIT THIS FILE DIRECTLY.
# yarn lockfile v1


"@aws-crypto/ie11-detection@^1.0.0":
  version "1.0.0"
  resolved "https://registry.yarnpkg.com/@aws-crypto/ie11-detection/-/ie11-detection-1.0.0.tgz#d3a6af29ba7f15458f79c41d1cd8cac3925e726a"
  integrity sha512-kCKVhCF1oDxFYgQrxXmIrS5oaWulkvRcPz+QBDMsUr2crbF4VGgGT6+uQhSwJFdUAQ2A//Vq+uT83eJrkzFgXA==
  dependencies:
    tslib "^1.11.1"

"@aws-crypto/sha256-browser@^1.0.0":
  version "1.1.0"
  resolved "https://registry.yarnpkg.com/@aws-crypto/sha256-browser/-/sha256-browser-1.1.0.tgz#20092cc6c08d8f04db0ed57b6f05cff150384f77"
  integrity sha512-VIpuLRDonMAHgomrsm/zKbeXTnxpr4aHDQmS4pF+NcpvBp64l675yjGA9hyUYs/QJwBjUl8WqMjh9tIRgi85Sg==
  dependencies:
    "@aws-crypto/ie11-detection" "^1.0.0"
    "@aws-crypto/sha256-js" "^1.1.0"
    "@aws-crypto/supports-web-crypto" "^1.0.0"
    "@aws-sdk/types" "^3.1.0"
    "@aws-sdk/util-locate-window" "^3.0.0"
    "@aws-sdk/util-utf8-browser" "^3.0.0"
    tslib "^1.11.1"

"@aws-crypto/sha256-js@^1.0.0", "@aws-crypto/sha256-js@^1.1.0":
  version "1.1.0"
  resolved "https://registry.yarnpkg.com/@aws-crypto/sha256-js/-/sha256-js-1.1.0.tgz#a58386ad18186e392e0f1d98d18831261d27b071"
  integrity sha512-VIhuqbPgXDVr8sZe2yhgQcDRRmzf4CI8fmC1A3bHiRfE6wlz1d8KpeemqbuoEHotz/Dch9yOxlshyQDNjNFeHA==
  dependencies:
    "@aws-sdk/types" "^3.1.0"
    "@aws-sdk/util-utf8-browser" "^3.0.0"
    tslib "^1.11.1"

"@aws-crypto/supports-web-crypto@^1.0.0":
  version "1.0.0"
  resolved "https://registry.yarnpkg.com/@aws-crypto/supports-web-crypto/-/supports-web-crypto-1.0.0.tgz#c40901bc17ac1e875e248df16a2b47ad8bfd9a93"
  integrity sha512-IHLfv+WmVH89EW4n6a5eE8/hUlz6qkWGMn/v4r5ZgzcXdTC5nolii2z3k46y01hWRiC2PPhOdeSLzMUCUMco7g==
  dependencies:
    tslib "^1.11.1"

"@aws-sdk/abort-controller@3.15.0":
  version "3.15.0"
  resolved "https://registry.yarnpkg.com/@aws-sdk/abort-controller/-/abort-controller-3.15.0.tgz#db54755821642b2a0e3046a5ff3e2f69650c938e"
  integrity sha512-nwLgt1UZavVKL7rSZl3sN/3nzz+0JtGClM8epl4kV/EMoCjFSDX4SdeK6ukNgMk4QTghHbiclG1KIAQQZy6VQw==
  dependencies:
    "@aws-sdk/types" "3.15.0"
    tslib "^2.0.0"

"@aws-sdk/client-dynamodb@^3.16.0":
  version "3.16.0"
  resolved "https://registry.yarnpkg.com/@aws-sdk/client-dynamodb/-/client-dynamodb-3.16.0.tgz#9496829860479525049e41d864c5bbd7a9b4f016"
  integrity sha512-Bein7GNweDb8LaNxOsnMnTXoZvArx0A5f7kTs0AezqqrQPdlfvlLFyskZwHKlX0aEpKhVw2MqT81YvW9k5cxrw==
  dependencies:
    "@aws-crypto/sha256-browser" "^1.0.0"
    "@aws-crypto/sha256-js" "^1.0.0"
    "@aws-sdk/client-sts" "3.16.0"
    "@aws-sdk/config-resolver" "3.16.0"
    "@aws-sdk/credential-provider-node" "3.16.0"
    "@aws-sdk/fetch-http-handler" "3.15.0"
    "@aws-sdk/hash-node" "3.15.0"
    "@aws-sdk/invalid-dependency" "3.15.0"
    "@aws-sdk/middleware-content-length" "3.15.0"
    "@aws-sdk/middleware-endpoint-discovery" "3.16.0"
    "@aws-sdk/middleware-host-header" "3.16.0"
    "@aws-sdk/middleware-logger" "3.15.0"
    "@aws-sdk/middleware-retry" "3.16.0"
    "@aws-sdk/middleware-serde" "3.15.0"
    "@aws-sdk/middleware-signing" "3.16.0"
    "@aws-sdk/middleware-stack" "3.15.0"
    "@aws-sdk/middleware-user-agent" "3.16.0"
    "@aws-sdk/node-config-provider" "3.15.0"
    "@aws-sdk/node-http-handler" "3.15.0"
    "@aws-sdk/protocol-http" "3.15.0"
    "@aws-sdk/smithy-client" "3.15.0"
    "@aws-sdk/types" "3.15.0"
    "@aws-sdk/url-parser" "3.15.0"
    "@aws-sdk/util-base64-browser" "3.13.1"
    "@aws-sdk/util-base64-node" "3.13.1"
    "@aws-sdk/util-body-length-browser" "3.13.1"
    "@aws-sdk/util-body-length-node" "3.13.1"
    "@aws-sdk/util-user-agent-browser" "3.15.0"
    "@aws-sdk/util-user-agent-node" "3.15.0"
    "@aws-sdk/util-utf8-browser" "3.13.1"
    "@aws-sdk/util-utf8-node" "3.13.1"
    "@aws-sdk/util-waiter" "3.15.0"
    tslib "^2.0.0"
    uuid "^8.3.2"

"@aws-sdk/client-lambda@^3.16.0":
  version "3.16.0"
  resolved "https://registry.yarnpkg.com/@aws-sdk/client-lambda/-/client-lambda-3.16.0.tgz#fd10d8c33a25ed9579d67b7b47990c1e9cd01ad0"
  integrity sha512-uJ+CMneMcVqzuODymP40/r7/WBOisIe0y47eGNJyOxIVpZkRYa7OEAYmX+oAzWutfs92xV8KRnmdirMtgygyTA==
  dependencies:
    "@aws-crypto/sha256-browser" "^1.0.0"
    "@aws-crypto/sha256-js" "^1.0.0"
    "@aws-sdk/client-sts" "3.16.0"
    "@aws-sdk/config-resolver" "3.16.0"
    "@aws-sdk/credential-provider-node" "3.16.0"
    "@aws-sdk/fetch-http-handler" "3.15.0"
    "@aws-sdk/hash-node" "3.15.0"
    "@aws-sdk/invalid-dependency" "3.15.0"
    "@aws-sdk/middleware-content-length" "3.15.0"
    "@aws-sdk/middleware-host-header" "3.16.0"
    "@aws-sdk/middleware-logger" "3.15.0"
    "@aws-sdk/middleware-retry" "3.16.0"
    "@aws-sdk/middleware-serde" "3.15.0"
    "@aws-sdk/middleware-signing" "3.16.0"
    "@aws-sdk/middleware-stack" "3.15.0"
    "@aws-sdk/middleware-user-agent" "3.16.0"
    "@aws-sdk/node-config-provider" "3.15.0"
    "@aws-sdk/node-http-handler" "3.15.0"
    "@aws-sdk/protocol-http" "3.15.0"
    "@aws-sdk/smithy-client" "3.15.0"
    "@aws-sdk/types" "3.15.0"
    "@aws-sdk/url-parser" "3.15.0"
    "@aws-sdk/util-base64-browser" "3.13.1"
    "@aws-sdk/util-base64-node" "3.13.1"
    "@aws-sdk/util-body-length-browser" "3.13.1"
    "@aws-sdk/util-body-length-node" "3.13.1"
    "@aws-sdk/util-user-agent-browser" "3.15.0"
    "@aws-sdk/util-user-agent-node" "3.15.0"
    "@aws-sdk/util-utf8-browser" "3.13.1"
    "@aws-sdk/util-utf8-node" "3.13.1"
    "@aws-sdk/util-waiter" "3.15.0"
    tslib "^2.0.0"

"@aws-sdk/client-sns@^3.16.0":
  version "3.16.0"
  resolved "https://registry.yarnpkg.com/@aws-sdk/client-sns/-/client-sns-3.16.0.tgz#aaf53c3cc479ee740544510d97fd0259063cb4da"
  integrity sha512-ScfNKjdRRYGw0C1Qe9rXTvaE2mBT8OCj7dnkxWJRvIYde9jEaRe3/kCA4jTXE6El2jV6SNPEiGIn1Mjrv1wPLA==
  dependencies:
    "@aws-crypto/sha256-browser" "^1.0.0"
    "@aws-crypto/sha256-js" "^1.0.0"
    "@aws-sdk/client-sts" "3.16.0"
    "@aws-sdk/config-resolver" "3.16.0"
    "@aws-sdk/credential-provider-node" "3.16.0"
    "@aws-sdk/fetch-http-handler" "3.15.0"
    "@aws-sdk/hash-node" "3.15.0"
    "@aws-sdk/invalid-dependency" "3.15.0"
    "@aws-sdk/middleware-content-length" "3.15.0"
    "@aws-sdk/middleware-host-header" "3.16.0"
    "@aws-sdk/middleware-logger" "3.15.0"
    "@aws-sdk/middleware-retry" "3.16.0"
    "@aws-sdk/middleware-serde" "3.15.0"
    "@aws-sdk/middleware-signing" "3.16.0"
    "@aws-sdk/middleware-stack" "3.15.0"
    "@aws-sdk/middleware-user-agent" "3.16.0"
    "@aws-sdk/node-config-provider" "3.15.0"
    "@aws-sdk/node-http-handler" "3.15.0"
    "@aws-sdk/protocol-http" "3.15.0"
    "@aws-sdk/smithy-client" "3.15.0"
    "@aws-sdk/types" "3.15.0"
    "@aws-sdk/url-parser" "3.15.0"
    "@aws-sdk/util-base64-browser" "3.13.1"
    "@aws-sdk/util-base64-node" "3.13.1"
    "@aws-sdk/util-body-length-browser" "3.13.1"
    "@aws-sdk/util-body-length-node" "3.13.1"
    "@aws-sdk/util-user-agent-browser" "3.15.0"
    "@aws-sdk/util-user-agent-node" "3.15.0"
    "@aws-sdk/util-utf8-browser" "3.13.1"
    "@aws-sdk/util-utf8-node" "3.13.1"
    entities "2.2.0"
    fast-xml-parser "3.19.0"
    tslib "^2.0.0"

"@aws-sdk/client-sso@3.16.0":
  version "3.16.0"
  resolved "https://registry.yarnpkg.com/@aws-sdk/client-sso/-/client-sso-3.16.0.tgz#49b46bca40bbe0173421e35f4a4b5bc4a0784582"
  integrity sha512-SOFnYTSuDJRoINekcZyhW4ocQBLt+XDXLXsZ/zAMRuRkzS4EpaRfklNM6hAfxFd3bIO3Lamo1CyVqJuc97H5bg==
  dependencies:
    "@aws-crypto/sha256-browser" "^1.0.0"
    "@aws-crypto/sha256-js" "^1.0.0"
    "@aws-sdk/config-resolver" "3.16.0"
    "@aws-sdk/fetch-http-handler" "3.15.0"
    "@aws-sdk/hash-node" "3.15.0"
    "@aws-sdk/invalid-dependency" "3.15.0"
    "@aws-sdk/middleware-content-length" "3.15.0"
    "@aws-sdk/middleware-host-header" "3.16.0"
    "@aws-sdk/middleware-logger" "3.15.0"
    "@aws-sdk/middleware-retry" "3.16.0"
    "@aws-sdk/middleware-serde" "3.15.0"
    "@aws-sdk/middleware-stack" "3.15.0"
    "@aws-sdk/middleware-user-agent" "3.16.0"
    "@aws-sdk/node-config-provider" "3.15.0"
    "@aws-sdk/node-http-handler" "3.15.0"
    "@aws-sdk/protocol-http" "3.15.0"
    "@aws-sdk/smithy-client" "3.15.0"
    "@aws-sdk/types" "3.15.0"
    "@aws-sdk/url-parser" "3.15.0"
    "@aws-sdk/util-base64-browser" "3.13.1"
    "@aws-sdk/util-base64-node" "3.13.1"
    "@aws-sdk/util-body-length-browser" "3.13.1"
    "@aws-sdk/util-body-length-node" "3.13.1"
    "@aws-sdk/util-user-agent-browser" "3.15.0"
    "@aws-sdk/util-user-agent-node" "3.15.0"
    "@aws-sdk/util-utf8-browser" "3.13.1"
    "@aws-sdk/util-utf8-node" "3.13.1"
    tslib "^2.0.0"

"@aws-sdk/client-sts@3.16.0":
  version "3.16.0"
  resolved "https://registry.yarnpkg.com/@aws-sdk/client-sts/-/client-sts-3.16.0.tgz#bc3998292dbc870dbf5c3764491666c91d73b851"
  integrity sha512-FWQ3OjoUNuSTqL+MzmJLNGncfJyWYM1RjBgWoWkjVSNC58GibAItnkPOAH5SDqcAya1jeY4RrlfMQ+V8VbWWJQ==
  dependencies:
    "@aws-crypto/sha256-browser" "^1.0.0"
    "@aws-crypto/sha256-js" "^1.0.0"
    "@aws-sdk/config-resolver" "3.16.0"
    "@aws-sdk/credential-provider-node" "3.16.0"
    "@aws-sdk/fetch-http-handler" "3.15.0"
    "@aws-sdk/hash-node" "3.15.0"
    "@aws-sdk/invalid-dependency" "3.15.0"
    "@aws-sdk/middleware-content-length" "3.15.0"
    "@aws-sdk/middleware-host-header" "3.16.0"
    "@aws-sdk/middleware-logger" "3.15.0"
    "@aws-sdk/middleware-retry" "3.16.0"
    "@aws-sdk/middleware-sdk-sts" "3.16.0"
    "@aws-sdk/middleware-serde" "3.15.0"
    "@aws-sdk/middleware-signing" "3.16.0"
    "@aws-sdk/middleware-stack" "3.15.0"
    "@aws-sdk/middleware-user-agent" "3.16.0"
    "@aws-sdk/node-config-provider" "3.15.0"
    "@aws-sdk/node-http-handler" "3.15.0"
    "@aws-sdk/protocol-http" "3.15.0"
    "@aws-sdk/smithy-client" "3.15.0"
    "@aws-sdk/types" "3.15.0"
    "@aws-sdk/url-parser" "3.15.0"
    "@aws-sdk/util-base64-browser" "3.13.1"
    "@aws-sdk/util-base64-node" "3.13.1"
    "@aws-sdk/util-body-length-browser" "3.13.1"
    "@aws-sdk/util-body-length-node" "3.13.1"
    "@aws-sdk/util-user-agent-browser" "3.15.0"
    "@aws-sdk/util-user-agent-node" "3.15.0"
    "@aws-sdk/util-utf8-browser" "3.13.1"
    "@aws-sdk/util-utf8-node" "3.13.1"
    entities "2.2.0"
    fast-xml-parser "3.19.0"
    tslib "^2.0.0"

"@aws-sdk/config-resolver@3.16.0":
  version "3.16.0"
  resolved "https://registry.yarnpkg.com/@aws-sdk/config-resolver/-/config-resolver-3.16.0.tgz#a3e478b461d19c1a7d3522652d122d7bab9c4e97"
  integrity sha512-63Vc9AxgXTUEPgiIF/BPsk/ZU+bImMxc/4X7SRSgiOM6azAuEWFD/G6vJFKT7dVN3EElx0frgQ8jHkjzutYXvQ==
  dependencies:
    "@aws-sdk/signature-v4" "3.15.0"
    "@aws-sdk/types" "3.15.0"
    tslib "^2.0.0"

"@aws-sdk/credential-provider-env@3.15.0":
  version "3.15.0"
  resolved "https://registry.yarnpkg.com/@aws-sdk/credential-provider-env/-/credential-provider-env-3.15.0.tgz#17147b60fb533c53c5aedcf9170aba4cbc042784"
  integrity sha512-MUn00HzT53KNbMheYw8r2I0PMV/yb5+yfUSf1fCKcErUROndIKIwZg7z0ru7zVrndKRRPEhXxCZ69wjWUJGwhQ==
  dependencies:
    "@aws-sdk/property-provider" "3.15.0"
    "@aws-sdk/types" "3.15.0"
    tslib "^2.0.0"

"@aws-sdk/credential-provider-imds@3.15.0":
  version "3.15.0"
  resolved "https://registry.yarnpkg.com/@aws-sdk/credential-provider-imds/-/credential-provider-imds-3.15.0.tgz#c9c0368335af4e9fcd4ef42b08c9d2f74c714555"
  integrity sha512-kg1XEQ4TxaeOB7aOb8h4VcBtKZNBMe7d7whUDEvZgdQiFFOtrjUHrLDdaC9zQ/twxPJvkyMrXMc7iIXWVArZDA==
  dependencies:
    "@aws-sdk/property-provider" "3.15.0"
    "@aws-sdk/types" "3.15.0"
    tslib "^2.0.0"

"@aws-sdk/credential-provider-ini@3.15.0":
  version "3.15.0"
  resolved "https://registry.yarnpkg.com/@aws-sdk/credential-provider-ini/-/credential-provider-ini-3.15.0.tgz#2cddefb0d07631eb389a0ec2c6894c5a2b0b73bc"
  integrity sha512-eUWGytO6CVsyqSk71eWUYkcjdRubd4IyRxGCaBDlBYiw/j9E2ENhI7fNLzEzdvMSNJG/jsyn8N/+13KjadAe1Q==
  dependencies:
    "@aws-sdk/credential-provider-env" "3.15.0"
    "@aws-sdk/credential-provider-imds" "3.15.0"
    "@aws-sdk/credential-provider-web-identity" "3.15.0"
    "@aws-sdk/property-provider" "3.15.0"
    "@aws-sdk/shared-ini-file-loader" "3.13.1"
    "@aws-sdk/types" "3.15.0"
    tslib "^2.0.0"

"@aws-sdk/credential-provider-node@3.16.0":
  version "3.16.0"
  resolved "https://registry.yarnpkg.com/@aws-sdk/credential-provider-node/-/credential-provider-node-3.16.0.tgz#cfdd48009c053efae05400219848ae84fff03608"
  integrity sha512-L6MWHra9MybNHY0kxrjhWRuM0Jf/w9zCS/aPUmSptyfHERz1pAulxWiGvc7sA5fQ/RsMjZ7YVy6J+a7UFXVr+Q==
  dependencies:
    "@aws-sdk/credential-provider-env" "3.15.0"
    "@aws-sdk/credential-provider-imds" "3.15.0"
    "@aws-sdk/credential-provider-ini" "3.15.0"
    "@aws-sdk/credential-provider-process" "3.15.0"
    "@aws-sdk/credential-provider-sso" "3.16.0"
    "@aws-sdk/credential-provider-web-identity" "3.15.0"
    "@aws-sdk/property-provider" "3.15.0"
    "@aws-sdk/shared-ini-file-loader" "3.13.1"
    "@aws-sdk/types" "3.15.0"
    tslib "^2.0.0"

"@aws-sdk/credential-provider-process@3.15.0":
  version "3.15.0"
  resolved "https://registry.yarnpkg.com/@aws-sdk/credential-provider-process/-/credential-provider-process-3.15.0.tgz#2881d9b6e829efbd0861bd44041b930c7ef9c43b"
  integrity sha512-BG9Rh9sxRYSPtSB/GHDMa6PZXNT3NHXk4ClShHZG/AFVHBU00n0NhZhdzWPDmY9dTaK3+bllCOYRhgkwyDPckQ==
  dependencies:
    "@aws-sdk/credential-provider-ini" "3.15.0"
    "@aws-sdk/property-provider" "3.15.0"
    "@aws-sdk/shared-ini-file-loader" "3.13.1"
    "@aws-sdk/types" "3.15.0"
    tslib "^2.0.0"

"@aws-sdk/credential-provider-sso@3.16.0":
  version "3.16.0"
  resolved "https://registry.yarnpkg.com/@aws-sdk/credential-provider-sso/-/credential-provider-sso-3.16.0.tgz#225e1695f6f2a39244b544d920d1218bbf3ac6eb"
  integrity sha512-jR9UzIZDZQpBpG+lyvbE9bHJ8SeFW1sb5R+nfYv4kSXMDcjoOANmc2NY755dEN+LoOVBTjHhQcF1mjW7bRpTrg==
  dependencies:
    "@aws-sdk/client-sso" "3.16.0"
    "@aws-sdk/credential-provider-ini" "3.15.0"
    "@aws-sdk/property-provider" "3.15.0"
    "@aws-sdk/shared-ini-file-loader" "3.13.1"
    "@aws-sdk/types" "3.15.0"
    tslib "^2.0.0"

"@aws-sdk/credential-provider-web-identity@3.15.0":
  version "3.15.0"
  resolved "https://registry.yarnpkg.com/@aws-sdk/credential-provider-web-identity/-/credential-provider-web-identity-3.15.0.tgz#1de389a573bb69b3ec78c25706356417063eed4f"
  integrity sha512-dKhmIlVJkqZrRClZDpUq49twGq4xMSM3tTkWUz2DZaVp23vSb6c0WTLciEdQIE+D/V+OXp/in4scSeQcQFhKcA==
  dependencies:
    "@aws-sdk/property-provider" "3.15.0"
    "@aws-sdk/types" "3.15.0"
    tslib "^2.0.0"

"@aws-sdk/endpoint-cache@3.16.0":
  version "3.16.0"
  resolved "https://registry.yarnpkg.com/@aws-sdk/endpoint-cache/-/endpoint-cache-3.16.0.tgz#88b510e218b004563c3c6d416910d5c44553a3b0"
  integrity sha512-XFjVOBSNSN6eZmtD71KIv3UzbIxK+l3bYYCJACVr5e1C1N4OJN/VPGuivxLO+Rw+DlCU4MmzWM5dQOLlEolpJQ==
  dependencies:
    mnemonist "0.38.3"
    tslib "^2.0.0"

"@aws-sdk/fetch-http-handler@3.15.0":
  version "3.15.0"
  resolved "https://registry.yarnpkg.com/@aws-sdk/fetch-http-handler/-/fetch-http-handler-3.15.0.tgz#ddf4d03c0fbe6495f52648f12c3d99f344d39b56"
  integrity sha512-wF1w0yQm72pZhVD9faoeX4N059+qj/UL/Un3IzAUPP3LaZxs8MYgCCyXRrKTbFP5tM3OMVbiiKZ0UhcF0mHXMg==
  dependencies:
    "@aws-sdk/protocol-http" "3.15.0"
    "@aws-sdk/querystring-builder" "3.15.0"
    "@aws-sdk/types" "3.15.0"
    "@aws-sdk/util-base64-browser" "3.13.1"
    tslib "^2.0.0"

"@aws-sdk/hash-node@3.15.0":
  version "3.15.0"
  resolved "https://registry.yarnpkg.com/@aws-sdk/hash-node/-/hash-node-3.15.0.tgz#78100ea948a8741972b92585eb05015025b1d00e"
  integrity sha512-0RKsH6bAhbkJ2CiXPEiUy4bzI5LPXVy1bQXJj1ajs+E4CzeBhRhiVSpgT8QiRmDlZoA1AcacaSnqGKPpt/840A==
  dependencies:
    "@aws-sdk/types" "3.15.0"
    "@aws-sdk/util-buffer-from" "3.13.1"
    tslib "^2.0.0"

"@aws-sdk/invalid-dependency@3.15.0":
  version "3.15.0"
  resolved "https://registry.yarnpkg.com/@aws-sdk/invalid-dependency/-/invalid-dependency-3.15.0.tgz#f8bf87ba49df4081c533a78bf1fd0fad50209406"
  integrity sha512-zx1q/dm4Ye7KEluCqKDsnmdyM3okrXPr6TOEjKxBzn4bM+owtfUs6x8UQdospqE48tjY12PNC6XMya2VlE4dEQ==
  dependencies:
    "@aws-sdk/types" "3.15.0"
    tslib "^2.0.0"

"@aws-sdk/is-array-buffer@3.13.1":
  version "3.13.1"
  resolved "https://registry.yarnpkg.com/@aws-sdk/is-array-buffer/-/is-array-buffer-3.13.1.tgz#bde5c5435b3fbd1e8ad26ef6bb3eabcd11799a9e"
  integrity sha512-W1pzDpk5iAaJAZnCHHBwFSU7HW6IbQn71DKe3nnbmTbY56QdKdSZ23r+6uWxtz1xetbEd5JdzWs+AD+Ji1pC7Q==
  dependencies:
    tslib "^2.0.0"

"@aws-sdk/middleware-content-length@3.15.0":
  version "3.15.0"
  resolved "https://registry.yarnpkg.com/@aws-sdk/middleware-content-length/-/middleware-content-length-3.15.0.tgz#2571540cd0da4588cbd664e98abd50f0cfa9a3ce"
  integrity sha512-SsHBmwOSyQMNMSaqidbxL+0jV+lSGdQkWtZDGEPWzk8MENKBo6TBeNZ86elKqUNzRwPmPRDWhhttXStN/v3KSg==
  dependencies:
    "@aws-sdk/protocol-http" "3.15.0"
    "@aws-sdk/types" "3.15.0"
    tslib "^2.0.0"

"@aws-sdk/middleware-endpoint-discovery@3.16.0":
  version "3.16.0"
  resolved "https://registry.yarnpkg.com/@aws-sdk/middleware-endpoint-discovery/-/middleware-endpoint-discovery-3.16.0.tgz#d8af50464f253b1d1e45ba0e1040a4186d938961"
  integrity sha512-xa8jHOinMFrCpDsAxT8tLLMQkoaTV5NXjXR4CiqDyrYvdqxJsdodomZJXbSREkFyN8ALnvrDnahrcjAphyRoIg==
  dependencies:
    "@aws-sdk/config-resolver" "3.16.0"
    "@aws-sdk/endpoint-cache" "3.16.0"
    "@aws-sdk/protocol-http" "3.15.0"
    "@aws-sdk/types" "3.15.0"
    tslib "^2.0.0"

"@aws-sdk/middleware-host-header@3.16.0":
  version "3.16.0"
  resolved "https://registry.yarnpkg.com/@aws-sdk/middleware-host-header/-/middleware-host-header-3.16.0.tgz#3d83d7135937b2bb8523cba3bb02a7e427fdb9cd"
  integrity sha512-qM1kmq7ocv6W+kD8x49DQ1CoP5ZXrMrvIzG39s6KEq9+y14mkfHJfDATT/154oyOc3WfUNwHE1X29oYGNRtE0Q==
  dependencies:
    "@aws-sdk/protocol-http" "3.15.0"
    "@aws-sdk/types" "3.15.0"
    tslib "^2.0.0"

"@aws-sdk/middleware-logger@3.15.0":
  version "3.15.0"
  resolved "https://registry.yarnpkg.com/@aws-sdk/middleware-logger/-/middleware-logger-3.15.0.tgz#f392a30a91504929bf1d7c1f0272ba1456293c86"
  integrity sha512-HHGQ12H9mm3CgxEh5HrjsNrFiGcvgmR7yE2H4soe0Wq6lAnRc1HSBzlsbTqRaEZpSKA6YNK5jXaV/Q4ED2AexQ==
  dependencies:
    "@aws-sdk/types" "3.15.0"
    tslib "^2.0.0"

"@aws-sdk/middleware-retry@3.16.0":
  version "3.16.0"
  resolved "https://registry.yarnpkg.com/@aws-sdk/middleware-retry/-/middleware-retry-3.16.0.tgz#4531fc0b5f9e30f42a4307768da8ad32fd46a892"
  integrity sha512-cSRpS9zg+Pw1+g3l50yTRxq5X1NNTD9MCtzfBWieSXN3nYt3XdGs1vDbv5aPb/juh2q++7HmY6msvK7Tb6DPdA==
  dependencies:
    "@aws-sdk/protocol-http" "3.15.0"
    "@aws-sdk/service-error-classification" "3.15.0"
    "@aws-sdk/types" "3.15.0"
    tslib "^2.0.0"
    uuid "^8.3.2"

"@aws-sdk/middleware-sdk-sts@3.16.0":
  version "3.16.0"
  resolved "https://registry.yarnpkg.com/@aws-sdk/middleware-sdk-sts/-/middleware-sdk-sts-3.16.0.tgz#e916a9940a788104dfc76152e3f4c351cf3422c9"
  integrity sha512-7Xai+DJGKlLskeeCpzkQ6OvzCcoy0eaexUlvX3nprHvgxmVfnPomj3+LtpxKvxncgm16yIF72ISMEw7WataH/w==
  dependencies:
    "@aws-sdk/middleware-signing" "3.16.0"
    "@aws-sdk/property-provider" "3.15.0"
    "@aws-sdk/protocol-http" "3.15.0"
    "@aws-sdk/signature-v4" "3.15.0"
    "@aws-sdk/types" "3.15.0"
    tslib "^2.0.0"

"@aws-sdk/middleware-serde@3.15.0":
  version "3.15.0"
  resolved "https://registry.yarnpkg.com/@aws-sdk/middleware-serde/-/middleware-serde-3.15.0.tgz#d92d4217973d1261c51ebd7f81a8598207aa1495"
  integrity sha512-GeM+FHZe8LeKfdfUEx/KEM2HTMU3P0GlL9ntH2WB6wXCPeSrwR3Nf39UcjTUf3p7HKNXQG4xkN2ftJMfearIMw==
  dependencies:
    "@aws-sdk/types" "3.15.0"
    tslib "^2.0.0"

"@aws-sdk/middleware-signing@3.16.0":
  version "3.16.0"
  resolved "https://registry.yarnpkg.com/@aws-sdk/middleware-signing/-/middleware-signing-3.16.0.tgz#c14c04f418732e8f896b0183694d4fccfa8504d3"
  integrity sha512-1bQ64WUH2x0qqf34Hu82sa90XpgVs4LSIKLJ+KcC8KRRHuo2WGqS680CT7LNJ8cz7s6uA6mlUYHFf+dBZboTBw==
  dependencies:
    "@aws-sdk/property-provider" "3.15.0"
    "@aws-sdk/protocol-http" "3.15.0"
    "@aws-sdk/signature-v4" "3.15.0"
    "@aws-sdk/types" "3.15.0"
    tslib "^2.0.0"

"@aws-sdk/middleware-stack@3.15.0":
  version "3.15.0"
  resolved "https://registry.yarnpkg.com/@aws-sdk/middleware-stack/-/middleware-stack-3.15.0.tgz#fb20b0dc10dde1f325fd3a57170cf18970d196e8"
  integrity sha512-UjTI3K2TcfK3CpLKc7lp4/Bh0UzKR86vb7smLwFGt/3r/VvLxrN7XyU69+BFOk9vOGFro0H2LbGT7355aTQlfw==
  dependencies:
    tslib "^2.0.0"

"@aws-sdk/middleware-user-agent@3.16.0":
  version "3.16.0"
  resolved "https://registry.yarnpkg.com/@aws-sdk/middleware-user-agent/-/middleware-user-agent-3.16.0.tgz#886718fbabaf1b7313723af4e48a82862c87425c"
  integrity sha512-DlRirDWhQlShZuj7Jup2kMr7SasegkkWuUkNB4ukIzaO5iXKBuAYAYwbVd9rxajO0iATJS3QmLsiaxSmIyIh2A==
  dependencies:
    "@aws-sdk/protocol-http" "3.15.0"
    "@aws-sdk/types" "3.15.0"
    tslib "^2.0.0"

"@aws-sdk/node-config-provider@3.15.0":
  version "3.15.0"
  resolved "https://registry.yarnpkg.com/@aws-sdk/node-config-provider/-/node-config-provider-3.15.0.tgz#b6f327ed6a51a4d997ff2b1d78d32e2e473c842e"
  integrity sha512-rGF8rI1ApDNoj6zIMhBch9+gd3MGthrydW32ADVClzuslwSgg4Ao2zAD8ufebqaiK6Rl7My3AhYb56KKZaz7kw==
  dependencies:
    "@aws-sdk/property-provider" "3.15.0"
    "@aws-sdk/shared-ini-file-loader" "3.13.1"
    "@aws-sdk/types" "3.15.0"
    tslib "^2.0.0"

"@aws-sdk/node-http-handler@3.15.0":
  version "3.15.0"
  resolved "https://registry.yarnpkg.com/@aws-sdk/node-http-handler/-/node-http-handler-3.15.0.tgz#5c570fe40f2578c6d68d7965ab40515a97b1e2f7"
  integrity sha512-Ryfnm0uvEMyB/PA1YM+wkYJK3Vy0Flg3m3QtbOXIrjSFtiXqF61yKWhBgsx8GuI2dGpKaPZXZFuRSSq+GLeGBQ==
  dependencies:
    "@aws-sdk/abort-controller" "3.15.0"
    "@aws-sdk/protocol-http" "3.15.0"
    "@aws-sdk/querystring-builder" "3.15.0"
    "@aws-sdk/types" "3.15.0"
    tslib "^2.0.0"

"@aws-sdk/property-provider@3.15.0":
  version "3.15.0"
  resolved "https://registry.yarnpkg.com/@aws-sdk/property-provider/-/property-provider-3.15.0.tgz#0e83822038a077c616e98bce64bfd838eb524c42"
  integrity sha512-cF/TmA06l2bElLZDXJpefnfPekIdUbtebHgthXkCwrwKnMsylnORHzvOTwlh6cjHDnGlfQMbgL608H0FEwMQKQ==
  dependencies:
    "@aws-sdk/types" "3.15.0"
    tslib "^2.0.0"

"@aws-sdk/protocol-http@3.15.0":
  version "3.15.0"
  resolved "https://registry.yarnpkg.com/@aws-sdk/protocol-http/-/protocol-http-3.15.0.tgz#29137f1599bd354e1dfc3396397a441ae2abd08d"
  integrity sha512-GPhjBXRKpttQEvEDzCgzchBGysQIoLjpIHDtKLowWfIHZ6DldP2nQWBQcWg3OZFvPK54aOEg1PX1TtTgMoUUmQ==
  dependencies:
    "@aws-sdk/types" "3.15.0"
    tslib "^2.0.0"

"@aws-sdk/querystring-builder@3.15.0":
  version "3.15.0"
  resolved "https://registry.yarnpkg.com/@aws-sdk/querystring-builder/-/querystring-builder-3.15.0.tgz#2d4e60beede3cc26e8684b3a55d342f0690bd909"
  integrity sha512-MQcSAgVO0lqpFZCXg+4I4Gz0IGIWS542+ISnQLofpYC7Og1npfeB5Qia1aqQNUQbDl9GZzMX0unzv0agvAnynQ==
  dependencies:
    "@aws-sdk/types" "3.15.0"
    "@aws-sdk/util-uri-escape" "3.13.1"
    tslib "^2.0.0"

"@aws-sdk/querystring-parser@3.15.0":
  version "3.15.0"
  resolved "https://registry.yarnpkg.com/@aws-sdk/querystring-parser/-/querystring-parser-3.15.0.tgz#f1a070a0cd061a59c6ed5ab057be37a3e0e53894"
  integrity sha512-AD8SLUolZ6sjhWp1lTPDA0UGbcEbz0eXwzMqWEunTeSnqMgrN86PWzYzevmm5Ego0HMPWf8QVK7mYuDJLa2row==
  dependencies:
    "@aws-sdk/types" "3.15.0"
    tslib "^2.0.0"

"@aws-sdk/service-error-classification@3.15.0", "@aws-sdk/service-error-classification@^3.4.1":
  version "3.15.0"
  resolved "https://registry.yarnpkg.com/@aws-sdk/service-error-classification/-/service-error-classification-3.15.0.tgz#878ee30f0424dfb5311a7a6fe5dcd04cb8b01dc7"
  integrity sha512-ay7l8AgtGM3NvvUhsW8cKmTcDX460fGZZLUXUEbdtO274RzHLU3jKSLj0jg74b2212ZFRIMwh2OQHiy8brLu8Q==

"@aws-sdk/shared-ini-file-loader@3.13.1":
  version "3.13.1"
  resolved "https://registry.yarnpkg.com/@aws-sdk/shared-ini-file-loader/-/shared-ini-file-loader-3.13.1.tgz#36a45b7a468607b69b893227550c4246114aa52a"
  integrity sha512-zB+niFj0iIZu2aXmKv2Xhk404Lw6gawTZPjzR4vLuTmn563yhSUSw5hJN+v/O/bR1b3JV4NPubyIQT6CKx1YUA==
  dependencies:
    tslib "^2.0.0"

"@aws-sdk/signature-v4@3.15.0":
  version "3.15.0"
  resolved "https://registry.yarnpkg.com/@aws-sdk/signature-v4/-/signature-v4-3.15.0.tgz#9d6bfde7324d0d9bf41e1d7d2b99e8132cef7665"
  integrity sha512-8gag588hf/yEqs6OUVvBkrwGy6dfKCG4i8tDy7xeRTZQe128LtJU7rgYHlvfcKsZL7U3A1elvn394684NvD2gA==
  dependencies:
    "@aws-sdk/is-array-buffer" "3.13.1"
    "@aws-sdk/types" "3.15.0"
    "@aws-sdk/util-hex-encoding" "3.13.1"
    "@aws-sdk/util-uri-escape" "3.13.1"
    tslib "^2.0.0"

"@aws-sdk/smithy-client@3.15.0":
  version "3.15.0"
  resolved "https://registry.yarnpkg.com/@aws-sdk/smithy-client/-/smithy-client-3.15.0.tgz#6f181a02d3be712c7ef3d93fa4ef5f98dacbd07a"
  integrity sha512-i25agLm/8+pSSTVGFxSKiCNVN9EqT2UuwKtxHk2qOBQAVUhn7Rd6BLbmaGRM1yOvTIEAv4DW5hYJsxyLWg+3vw==
  dependencies:
    "@aws-sdk/middleware-stack" "3.15.0"
    "@aws-sdk/types" "3.15.0"
    tslib "^2.0.0"

"@aws-sdk/types@3.15.0", "@aws-sdk/types@^3.4.1":
  version "3.15.0"
  resolved "https://registry.yarnpkg.com/@aws-sdk/types/-/types-3.15.0.tgz#8d190159fdaa0ba591733dc6a2f2b2aac9782355"
  integrity sha512-hRfp40av3/dwxUH7KAgfLL3D02ohc7NYs/R0xFgYWEpAieB9/BHKuJPFGOSetqWw+Z6NOLiKKva8+/CcVOqzJQ==

"@aws-sdk/types@^3.1.0":
  version "3.12.0"
  resolved "https://registry.yarnpkg.com/@aws-sdk/types/-/types-3.12.0.tgz#9d8f7d931c0b4ee9d7af7ffc546591ccdeb7f796"
  integrity sha512-7vnVBV0IdNQ+yyCQFkyLkRohvr7PHj//nGcth9RXG+VmQfp4+8CgBlMuXoeEWvDntrRgdh5lzDO0CliVRquxkw==

"@aws-sdk/url-parser@3.15.0":
  version "3.15.0"
  resolved "https://registry.yarnpkg.com/@aws-sdk/url-parser/-/url-parser-3.15.0.tgz#05a138e278d80e55d1e2b94771a947c9c368e5ff"
  integrity sha512-kdS/1FKYbEjgEZw0JqtUtIxNx9btW8sbvXsiGaUmr/PW6UtOjB8Jp0ADcmkpRRGJaaDmxKJTyt7IKX4TIhTefQ==
  dependencies:
    "@aws-sdk/querystring-parser" "3.15.0"
    "@aws-sdk/types" "3.15.0"
    tslib "^2.0.0"

"@aws-sdk/util-base64-browser@3.13.1":
  version "3.13.1"
  resolved "https://registry.yarnpkg.com/@aws-sdk/util-base64-browser/-/util-base64-browser-3.13.1.tgz#6244d329ed9c560e1f4a161f698367cc3e863919"
  integrity sha512-bev/PmmRLxTzGkmx88KFhJEL78koIvhYdKFmWtmSJz+trQEk37u6aulWQZF6dpiMGCKYcBfI5h3LsxE75pObTQ==
  dependencies:
    tslib "^2.0.0"

"@aws-sdk/util-base64-node@3.13.1":
  version "3.13.1"
  resolved "https://registry.yarnpkg.com/@aws-sdk/util-base64-node/-/util-base64-node-3.13.1.tgz#0fdcea2ac7913a69448ed87d227a1107db9e3c8f"
  integrity sha512-z3bh+Luue39gIFOm56FSXOEZJq23J/IUM0Gj28dkdC0hpqdohP2NfcGUBhBlK8CFKBLB5GM1vVKo99T1/OQ/5g==
  dependencies:
    "@aws-sdk/util-buffer-from" "3.13.1"
    tslib "^2.0.0"

"@aws-sdk/util-body-length-browser@3.13.1":
  version "3.13.1"
  resolved "https://registry.yarnpkg.com/@aws-sdk/util-body-length-browser/-/util-body-length-browser-3.13.1.tgz#7063c658b1875a208d8c9f39bdd1c7409efce10e"
  integrity sha512-qqbBRP1YCuCJ8jCQpP4kbSPrdwJxniccmzsyjkKmaOQoOil69FFNhdwzjrMFhahnsLYD9JUdEsJmHegPbIbUtA==
  dependencies:
    tslib "^2.0.0"

"@aws-sdk/util-body-length-node@3.13.1":
  version "3.13.1"
  resolved "https://registry.yarnpkg.com/@aws-sdk/util-body-length-node/-/util-body-length-node-3.13.1.tgz#4722fad01f4feb6a3ab47344c2482446d7aa2d01"
  integrity sha512-btSynL8nZmzXPImm/oAaE9aBl1feAZsGv1jR+7+CSM2P5emTEBF4/EuYX34KZTzW7BjSzeDeRK0SHK0IWAB4bw==
  dependencies:
    tslib "^2.0.0"

"@aws-sdk/util-buffer-from@3.13.1":
  version "3.13.1"
  resolved "https://registry.yarnpkg.com/@aws-sdk/util-buffer-from/-/util-buffer-from-3.13.1.tgz#fc1fc6d46edff7ea0f370c8389313b58ef8923b7"
  integrity sha512-D/LT7a9wwB5Zo4CPWJwP/qdUhs8MYSs+tvyyF2Ox9v8AaUV+w8ukJY9/1/i1cS5bGH7aAjueTiAFSMt8ejVNCg==
  dependencies:
    "@aws-sdk/is-array-buffer" "3.13.1"
    tslib "^2.0.0"

"@aws-sdk/util-hex-encoding@3.13.1":
  version "3.13.1"
  resolved "https://registry.yarnpkg.com/@aws-sdk/util-hex-encoding/-/util-hex-encoding-3.13.1.tgz#2406c832b1aae60c8abd1dafcae442e6085aebca"
  integrity sha512-NGIqG+L5B6xENgv25BH77F9EeTkN+3tO8sFBeTMjoS7rD3uVP1uLp/RHQENjn/EG/KtgjcNyglngDuS0ZKFOOQ==
  dependencies:
    tslib "^2.0.0"

"@aws-sdk/util-locate-window@^3.0.0":
  version "3.12.0"
  resolved "https://registry.yarnpkg.com/@aws-sdk/util-locate-window/-/util-locate-window-3.12.0.tgz#5917ebdc8c18209e3e3ddb47790a6f62dcab1fde"
  integrity sha512-hon4/fx/MKdDbajQGK/RVn9k+wtLtwIlJnys/yZs9swq4m7B1/JnlDqSwClxjiVnsbDlu95UcYclospSkHIWUw==
  dependencies:
    tslib "^1.8.0"

"@aws-sdk/util-uri-escape@3.13.1":
  version "3.13.1"
  resolved "https://registry.yarnpkg.com/@aws-sdk/util-uri-escape/-/util-uri-escape-3.13.1.tgz#5585a53fdc245b717beb7d785f39660eee219e77"
  integrity sha512-zejPAiPoS5Zja9nelZUJMdIwiXHKmubgumIV4USB+kgSR4f8BlSj/amM0NdGgZMjyVtuIvdiVHZssM/yK8G1Jg==
  dependencies:
    tslib "^2.0.0"

"@aws-sdk/util-user-agent-browser@3.15.0":
  version "3.15.0"
  resolved "https://registry.yarnpkg.com/@aws-sdk/util-user-agent-browser/-/util-user-agent-browser-3.15.0.tgz#7e949960d44ade9bce0dac3c319a266d8dd6fb78"
  integrity sha512-mPalPRVAux4vXSCnACvVRSL7C2DfhAB732w7rHLdwPfzVTzdHve/nWqDBp5SG16+Tumy4Q40vxXcLlL4UHv0JQ==
  dependencies:
    "@aws-sdk/types" "3.15.0"
    bowser "^2.11.0"
    tslib "^2.0.0"

"@aws-sdk/util-user-agent-node@3.15.0":
  version "3.15.0"
  resolved "https://registry.yarnpkg.com/@aws-sdk/util-user-agent-node/-/util-user-agent-node-3.15.0.tgz#68b2038444784366c43d732dd055b1e173f8ab3f"
  integrity sha512-KiNUPjSuTkWqBemWwYa6wl/HXJV1KZuiE50Qx99oXrmCvS3zKagR2d7AfdMm7dKbcYYyF3G/fw6qIWpB2k/h1w==
  dependencies:
    "@aws-sdk/node-config-provider" "3.15.0"
    "@aws-sdk/types" "3.15.0"
    tslib "^2.0.0"

"@aws-sdk/util-utf8-browser@3.13.1":
  version "3.13.1"
  resolved "https://registry.yarnpkg.com/@aws-sdk/util-utf8-browser/-/util-utf8-browser-3.13.1.tgz#eae1f3d8063566d813c0df4adf5f487bd128b56f"
  integrity sha512-+1FmtFOvDOYfoJnC6DEgjpcPKUERZA8VZ7JenY6SsEqVneWzHf4YVE2+KZM0DT9leLzgZBW/DKJWjeKxykaBEg==
  dependencies:
    tslib "^2.0.0"

"@aws-sdk/util-utf8-browser@^3.0.0":
  version "3.12.0"
  resolved "https://registry.yarnpkg.com/@aws-sdk/util-utf8-browser/-/util-utf8-browser-3.12.0.tgz#2288bcc980d9642be340167ddfa14d72f4ac8e0f"
  integrity sha512-gfchf9e1qbpYgxgEcUV6+KpVBNJjdqLAPMYHLytCLeMh/Mr5NY+xXefnQz0FhAqhz8lJ/vuDvtTWHodSofArEw==
  dependencies:
    tslib "^1.8.0"

"@aws-sdk/util-utf8-node@3.13.1":
  version "3.13.1"
  resolved "https://registry.yarnpkg.com/@aws-sdk/util-utf8-node/-/util-utf8-node-3.13.1.tgz#72c454d5dd57f9a404ad1cdc317940840de0fb46"
  integrity sha512-2SVqcqQQah7cYny6mUmx9UlVIYiaCULnWqOvPkpAKLS3uDFhhFrjvdrQkJXjajR4r7xb73cGn+f2iRXrEqmopw==
  dependencies:
    "@aws-sdk/util-buffer-from" "3.13.1"
    tslib "^2.0.0"

"@aws-sdk/util-waiter@3.15.0":
  version "3.15.0"
  resolved "https://registry.yarnpkg.com/@aws-sdk/util-waiter/-/util-waiter-3.15.0.tgz#e26a1f8a7a98931a3e54b1518acf29e05b89cee1"
  integrity sha512-7v5CqnHIeJ01KNW4P9rlgRu6+f5aFyZr3D+Alh1lBo4vRRuWn63OhZffS/xBY3nPyMZsGynQwofKVqqJfiqVgg==
  dependencies:
    "@aws-sdk/abort-controller" "3.15.0"
    "@aws-sdk/types" "3.15.0"
    tslib "^2.0.0"

"@types/body-parser@*":
  version "1.19.0"
  resolved "https://registry.yarnpkg.com/@types/body-parser/-/body-parser-1.19.0.tgz#0685b3c47eb3006ffed117cdd55164b61f80538f"
  integrity sha512-W98JrE0j2K78swW4ukqMleo8R7h/pFETjM2DQ90MF6XK2i4LO4W3gQ71Lt4w3bfm2EvVSyWHplECvB5sK22yFQ==
  dependencies:
    "@types/connect" "*"
    "@types/node" "*"

"@types/cls-hooked@^4.3.3":
  version "4.3.3"
  resolved "https://registry.yarnpkg.com/@types/cls-hooked/-/cls-hooked-4.3.3.tgz#c09e2f8dc62198522eaa18a5b6b873053154bd00"
  integrity sha512-gNstDTb/ty5h6gJd6YpSPgsLX9LmRpaKJqGFp7MRlYxhwp4vXXKlJ9+bt1TZ9KbVNXE+Mbxy2AYXcpY21DDtJw==
  dependencies:
    "@types/node" "*"

"@types/connect@*":
  version "3.4.34"
  resolved "https://registry.yarnpkg.com/@types/connect/-/connect-3.4.34.tgz#170a40223a6d666006d93ca128af2beb1d9b1901"
  integrity sha512-ePPA/JuI+X0vb+gSWlPKOY0NdNAie/rPUqX2GUPpbZwiKTkSPhjXWuee47E4MtE54QVzGCQMQkAL6JhV2E1+cQ==
  dependencies:
    "@types/node" "*"

"@types/express-serve-static-core@^4.17.18":
  version "4.17.19"
  resolved "https://registry.yarnpkg.com/@types/express-serve-static-core/-/express-serve-static-core-4.17.19.tgz#00acfc1632e729acac4f1530e9e16f6dd1508a1d"
  integrity sha512-DJOSHzX7pCiSElWaGR8kCprwibCB/3yW6vcT8VG3P0SJjnv19gnWG/AZMfM60Xj/YJIp/YCaDHyvzsFVeniARA==
  dependencies:
    "@types/node" "*"
    "@types/qs" "*"
    "@types/range-parser" "*"

"@types/express@*":
  version "4.17.11"
  resolved "https://registry.yarnpkg.com/@types/express/-/express-4.17.11.tgz#debe3caa6f8e5fcda96b47bd54e2f40c4ee59545"
  integrity sha512-no+R6rW60JEc59977wIxreQVsIEOAYwgCqldrA/vkpCnbD7MqTefO97lmoBe4WE0F156bC4uLSP1XHDOySnChg==
  dependencies:
    "@types/body-parser" "*"
    "@types/express-serve-static-core" "^4.17.18"
    "@types/qs" "*"
    "@types/serve-static" "*"

"@types/mime@^1":
  version "1.3.2"
  resolved "https://registry.yarnpkg.com/@types/mime/-/mime-1.3.2.tgz#93e25bf9ee75fe0fd80b594bc4feb0e862111b5a"
  integrity sha512-YATxVxgRqNH6nHEIsvg6k2Boc1JHI9ZbH5iWFFv/MTkchz3b1ieGDa5T0a9RznNdI0KhVbdbWSN+KWWrQZRxTw==

"@types/mysql@*":
  version "2.15.18"
  resolved "https://registry.yarnpkg.com/@types/mysql/-/mysql-2.15.18.tgz#eea3f2845e619db0073d63d821aa99bf2079c95c"
  integrity sha512-JW74Nh3P/RDAnaP8uXe1qmRpoFBO84SiWvWoSju/F5+2S1kVBi1FbbDoqK/sTZrCCxySaOJnRATvWD+bLcJjAg==
  dependencies:
    "@types/node" "*"

"@types/node@*":
  version "15.3.1"
  resolved "https://registry.yarnpkg.com/@types/node/-/node-15.3.1.tgz#23a06b87eedb524016616e886b116b8fdcb180af"
  integrity sha512-weaeiP4UF4XgF++3rpQhpIJWsCTS4QJw5gvBhQu6cFIxTwyxWIe3xbnrY/o2lTCQ0lsdb8YIUDUvLR4Vuz5rbw==

"@types/pg@*":
  version "8.6.0"
  resolved "https://registry.yarnpkg.com/@types/pg/-/pg-8.6.0.tgz#34233b891a127d6caaad28e177b1baec1a2958d4"
  integrity sha512-3JXFrsl8COoqVB1+2Pqelx6soaiFVXzkT3fkuSNe7GB40ysfT0FHphZFPiqIXpMyTHSFRdLTyZzrFBrJRPAArA==
  dependencies:
    "@types/node" "*"
    pg-protocol "*"
    pg-types "^2.2.0"

"@types/qs@*":
  version "6.9.6"
  resolved "https://registry.yarnpkg.com/@types/qs/-/qs-6.9.6.tgz#df9c3c8b31a247ec315e6996566be3171df4b3b1"
  integrity sha512-0/HnwIfW4ki2D8L8c9GVcG5I72s9jP5GSLVF0VIXDW00kmIpA6O33G7a8n59Tmh7Nz0WUC3rSb7PTY/sdW2JzA==

"@types/range-parser@*":
  version "1.2.3"
  resolved "https://registry.yarnpkg.com/@types/range-parser/-/range-parser-1.2.3.tgz#7ee330ba7caafb98090bece86a5ee44115904c2c"
  integrity sha512-ewFXqrQHlFsgc09MK5jP5iR7vumV/BYayNC6PgJO2LPe8vrnNFyjQjSppfEngITi0qvfKtzFvgKymGheFM9UOA==

"@types/serve-static@*":
  version "1.13.9"
  resolved "https://registry.yarnpkg.com/@types/serve-static/-/serve-static-1.13.9.tgz#aacf28a85a05ee29a11fb7c3ead935ac56f33e4e"
  integrity sha512-ZFqF6qa48XsPdjXV5Gsz0Zqmux2PerNd3a/ktL45mHpa19cuMi/cL8tcxdAx497yRh+QtYPuofjT9oWw9P7nkA==
  dependencies:
    "@types/mime" "^1"
    "@types/node" "*"

async-hook-jl@^1.7.6:
  version "1.7.6"
  resolved "https://registry.yarnpkg.com/async-hook-jl/-/async-hook-jl-1.7.6.tgz#4fd25c2f864dbaf279c610d73bf97b1b28595e68"
  integrity sha512-gFaHkFfSxTjvoxDMYqDuGHlcRyUuamF8s+ZTtJdDzqjws4mCt7v0vuV79/E2Wr2/riMQgtG4/yUtXWs1gZ7JMg==
  dependencies:
    stack-chain "^1.3.7"

atomic-batcher@^1.0.2:
  version "1.0.2"
  resolved "https://registry.yarnpkg.com/atomic-batcher/-/atomic-batcher-1.0.2.tgz#d16901d10ccec59516c197b9ccd8930689b813b4"
  integrity sha1-0WkB0QzOxZUWwZe5zNiTBom4E7Q=

aws-xray-sdk-core@3.3.3:
  version "3.3.3"
  resolved "https://registry.yarnpkg.com/aws-xray-sdk-core/-/aws-xray-sdk-core-3.3.3.tgz#e63f4597c4e5210fbde925db776e8014d5bff7c3"
  integrity sha512-S8o+ZY12wEnDQolC5RGQ8RHZqezHeV3l/ODqrYOJAlRjT92FDutQkQqTfr+hD1Ia+puIXzL9U7eyVSsKmoI+1w==
  dependencies:
    "@aws-sdk/service-error-classification" "^3.4.1"
    "@aws-sdk/types" "^3.4.1"
    "@types/cls-hooked" "^4.3.3"
    atomic-batcher "^1.0.2"
    cls-hooked "^4.2.2"
    semver "^5.3.0"

aws-xray-sdk-express@3.3.3:
  version "3.3.3"
  resolved "https://registry.yarnpkg.com/aws-xray-sdk-express/-/aws-xray-sdk-express-3.3.3.tgz#ab1e534178540ff52c0e0a3f01a86f48b694b73d"
  integrity sha512-VLDfpWWlYUEqA/f3OWaPHk6lAlONrAbG8ECcCPKT3skhWe8LL3bCDFZJOs08V+3ZgBCjm8iMStlXxnNu+XHevw==
  dependencies:
    "@types/express" "*"

aws-xray-sdk-mysql@3.3.3:
  version "3.3.3"
  resolved "https://registry.yarnpkg.com/aws-xray-sdk-mysql/-/aws-xray-sdk-mysql-3.3.3.tgz#f7c6b639915a5ad8aee4895777a8b6af790ebe8b"
  integrity sha512-BkwrT5Zu+og1nT+g0FgQRpdidKr3g9snTFHsirwbJATO0pmGNuuUjBUMTFyydTTSwa7ocqL9wPsmOmqY9kPZig==
  dependencies:
    "@types/mysql" "*"

aws-xray-sdk-postgres@3.3.3:
  version "3.3.3"
  resolved "https://registry.yarnpkg.com/aws-xray-sdk-postgres/-/aws-xray-sdk-postgres-3.3.3.tgz#68b30295975b3aadb04a273b239c9b3dacb192b0"
  integrity sha512-Fu6+XpkiOgyFiivKj3kppXdYzwGIoijiq1q9FJb/tbxfOLSTHunJpS5WzTuNdzOUJdvTtPDimcE4jjqS+4a5FQ==
  dependencies:
    "@types/pg" "*"

aws-xray-sdk@^3.3.3:
  version "3.3.3"
  resolved "https://registry.yarnpkg.com/aws-xray-sdk/-/aws-xray-sdk-3.3.3.tgz#c2536bd2fd39d4606d81a17d5e364a2d7a6fa4f1"
  integrity sha512-bGO/HolPGW8N39wUuERbn0GPlwgAmDrgt7nKYXR2ecRq2YauKQOHS8K+kD4aZ6QSZnlP5CrYMmtU6BnMkt3DUQ==
  dependencies:
    aws-xray-sdk-core "3.3.3"
    aws-xray-sdk-express "3.3.3"
    aws-xray-sdk-mysql "3.3.3"
    aws-xray-sdk-postgres "3.3.3"

bowser@^2.11.0:
  version "2.11.0"
  resolved "https://registry.yarnpkg.com/bowser/-/bowser-2.11.0.tgz#5ca3c35757a7aa5771500c70a73a9f91ef420a8f"
  integrity sha512-AlcaJBi/pqqJBIQ8U9Mcpc9i8Aqxn88Skv5d+xBX006BY5u8N3mGLHa5Lgppa7L/HfwgwLgZ6NYs+Ag6uUmJRA==

cls-hooked@^4.2.2:
  version "4.2.2"
  resolved "https://registry.yarnpkg.com/cls-hooked/-/cls-hooked-4.2.2.tgz#ad2e9a4092680cdaffeb2d3551da0e225eae1908"
  integrity sha512-J4Xj5f5wq/4jAvcdgoGsL3G103BtWpZrMo8NEinRltN+xpTZdI+M38pyQqhuFU/P792xkMFvnKSf+Lm81U1bxw==
  dependencies:
    async-hook-jl "^1.7.6"
    emitter-listener "^1.0.1"
    semver "^5.4.1"

emitter-listener@^1.0.1:
  version "1.1.2"
  resolved "https://registry.yarnpkg.com/emitter-listener/-/emitter-listener-1.1.2.tgz#56b140e8f6992375b3d7cb2cab1cc7432d9632e8"
  integrity sha512-Bt1sBAGFHY9DKY+4/2cV6izcKJUf5T7/gkdmkxzX/qv9CcGH8xSwVRW5mtX03SWJtRTWSOpzCuWN9rBFYZepZQ==
  dependencies:
    shimmer "^1.2.0"

entities@2.2.0:
  version "2.2.0"
  resolved "https://registry.yarnpkg.com/entities/-/entities-2.2.0.tgz#098dc90ebb83d8dffa089d55256b351d34c4da55"
  integrity sha512-p92if5Nz619I0w+akJrLZH0MX0Pb5DX39XOwQTtXSdQQOaYH03S1uIQp4mhOZtAXrxq4ViO67YTiLBo2638o9A==

fast-xml-parser@3.19.0:
  version "3.19.0"
  resolved "https://registry.yarnpkg.com/fast-xml-parser/-/fast-xml-parser-3.19.0.tgz#cb637ec3f3999f51406dd8ff0e6fc4d83e520d01"
  integrity sha512-4pXwmBplsCPv8FOY1WRakF970TjNGnGnfbOnLqjlYvMiF1SR3yOHyxMR/YCXpPTOspNF5gwudqktIP4VsWkvBg==

luxon@^1.26.0:
  version "1.26.0"
  resolved "https://registry.yarnpkg.com/luxon/-/luxon-1.26.0.tgz#d3692361fda51473948252061d0f8561df02b578"
  integrity sha512-+V5QIQ5f6CDXQpWNICELwjwuHdqeJM1UenlZWx5ujcRMc9venvluCjFb4t5NYLhb6IhkbMVOxzVuOqkgMxee2A==

mnemonist@0.38.3:
  version "0.38.3"
  resolved "https://registry.yarnpkg.com/mnemonist/-/mnemonist-0.38.3.tgz#35ec79c1c1f4357cfda2fe264659c2775ccd7d9d"
  integrity sha512-2K9QYubXx/NAjv4VLq1d1Ly8pWNC5L3BrixtdkyTegXWJIqY+zLNDhhX/A+ZwWt70tB1S8H4BE8FLYEFyNoOBw==
  dependencies:
    obliterator "^1.6.1"

obliterator@^1.6.1:
  version "1.6.1"
  resolved "https://registry.yarnpkg.com/obliterator/-/obliterator-1.6.1.tgz#dea03e8ab821f6c4d96a299e17aef6a3af994ef3"
  integrity sha512-9WXswnqINnnhOG/5SLimUlzuU1hFJUc8zkwyD59Sd+dPOMf05PmnYG/d6Q7HZ+KmgkZJa1PxRso6QdM3sTNHig==

pg-int8@1.0.1:
  version "1.0.1"
  resolved "https://registry.yarnpkg.com/pg-int8/-/pg-int8-1.0.1.tgz#943bd463bf5b71b4170115f80f8efc9a0c0eb78c"
  integrity sha512-WCtabS6t3c8SkpDBUlb1kjOs7l66xsGdKpIPZsg4wR+B3+u9UAum2odSsF9tnvxg80h4ZxLWMy4pRjOsFIqQpw==

pg-protocol@*:
  version "1.5.0"
  resolved "https://registry.yarnpkg.com/pg-protocol/-/pg-protocol-1.5.0.tgz#b5dd452257314565e2d54ab3c132adc46565a6a0"
  integrity sha512-muRttij7H8TqRNu/DxrAJQITO4Ac7RmX3Klyr/9mJEOBeIpgnF8f9jAfRz5d3XwQZl5qBjF9gLsUtMPJE0vezQ==

pg-types@^2.2.0:
  version "2.2.0"
  resolved "https://registry.yarnpkg.com/pg-types/-/pg-types-2.2.0.tgz#2d0250d636454f7cfa3b6ae0382fdfa8063254a3"
  integrity sha512-qTAAlrEsl8s4OiEQY69wDvcMIdQN6wdz5ojQiOy6YRMuynxenON0O5oCpJI6lshc6scgAY8qvJ2On/p+CXY0GA==
  dependencies:
    pg-int8 "1.0.1"
    postgres-array "~2.0.0"
    postgres-bytea "~1.0.0"
    postgres-date "~1.0.4"
    postgres-interval "^1.1.0"

postgres-array@~2.0.0:
  version "2.0.0"
  resolved "https://registry.yarnpkg.com/postgres-array/-/postgres-array-2.0.0.tgz#48f8fce054fbc69671999329b8834b772652d82e"
  integrity sha512-VpZrUqU5A69eQyW2c5CA1jtLecCsN2U/bD6VilrFDWq5+5UIEVO7nazS3TEcHf1zuPYO/sqGvUvW62g86RXZuA==

postgres-bytea@~1.0.0:
  version "1.0.0"
  resolved "https://registry.yarnpkg.com/postgres-bytea/-/postgres-bytea-1.0.0.tgz#027b533c0aa890e26d172d47cf9ccecc521acd35"
  integrity sha1-AntTPAqokOJtFy1Hz5zOzFIazTU=

postgres-date@~1.0.4:
  version "1.0.7"
  resolved "https://registry.yarnpkg.com/postgres-date/-/postgres-date-1.0.7.tgz#51bc086006005e5061c591cee727f2531bf641a8"
  integrity sha512-suDmjLVQg78nMK2UZ454hAG+OAW+HQPZ6n++TNDUX+L0+uUlLywnoxJKDou51Zm+zTCjrCl0Nq6J9C5hP9vK/Q==

postgres-interval@^1.1.0:
  version "1.2.0"
  resolved "https://registry.yarnpkg.com/postgres-interval/-/postgres-interval-1.2.0.tgz#b460c82cb1587507788819a06aa0fffdb3544695"
  integrity sha512-9ZhXKM/rw350N1ovuWHbGxnGh/SNJ4cnxHiM0rxE4VN41wsg8P8zWn9hv/buK00RP4WvlOyr/RBDiptyxVbkZQ==
  dependencies:
    xtend "^4.0.0"

semver@^5.3.0, semver@^5.4.1:
  version "5.7.1"
  resolved "https://registry.yarnpkg.com/semver/-/semver-5.7.1.tgz#a954f931aeba508d307bbf069eff0c01c96116f7"
  integrity sha512-sauaDf/PZdVgrLTNYHRtpXa1iRiKcaebiKQ1BJdpQlWH2lCvexQdX55snPFyK7QzpudqbCI0qXFfOasHdyNDGQ==

serialize-error@^8.1.0:
  version "8.1.0"
  resolved "https://registry.yarnpkg.com/serialize-error/-/serialize-error-8.1.0.tgz#3a069970c712f78634942ddd50fbbc0eaebe2f67"
  integrity sha512-3NnuWfM6vBYoy5gZFvHiYsVbafvI9vZv/+jlIigFn4oP4zjNPK3LhcY0xSCgeb1a5L8jO71Mit9LlNoi2UfDDQ==
  dependencies:
    type-fest "^0.20.2"

shimmer@^1.2.0:
  version "1.2.1"
  resolved "https://registry.yarnpkg.com/shimmer/-/shimmer-1.2.1.tgz#610859f7de327b587efebf501fb43117f9aff337"
  integrity sha512-sQTKC1Re/rM6XyFM6fIAGHRPVGvyXfgzIDvzoq608vM+jeyVD0Tu1E6Np0Kc2zAIFWIj963V2800iF/9LPieQw==

stack-chain@^1.3.7:
  version "1.3.7"
  resolved "https://registry.yarnpkg.com/stack-chain/-/stack-chain-1.3.7.tgz#d192c9ff4ea6a22c94c4dd459171e3f00cea1285"
  integrity sha1-0ZLJ/06moiyUxN1FkXHj8AzqEoU=

tslib@^1.11.1, tslib@^1.8.0:
  version "1.14.1"
  resolved "https://registry.yarnpkg.com/tslib/-/tslib-1.14.1.tgz#cf2d38bdc34a134bcaf1091c41f6619e2f672d00"
  integrity sha512-Xni35NKzjgMrwevysHTCArtLDpPvye8zV/0E4EyYn43P7/7qvQwPh9BGkHewbMulVntbigmcT7rdX3BNo9wRJg==

tslib@^2.0.0:
  version "2.2.0"
  resolved "https://registry.yarnpkg.com/tslib/-/tslib-2.2.0.tgz#fb2c475977e35e241311ede2693cee1ec6698f5c"
  integrity sha512-gS9GVHRU+RGn5KQM2rllAlR3dU6m7AcpJKdtH8gFvQiC4Otgk98XnmMU+nZenHt/+VhnBPWwgrJsyrdcw6i23w==

type-fest@^0.20.2:
  version "0.20.2"
  resolved "https://registry.yarnpkg.com/type-fest/-/type-fest-0.20.2.tgz#1bf207f4b28f91583666cb5fbd327887301cd5f4"
  integrity sha512-Ne+eE4r0/iWnpAxD852z3A+N0Bt5RN//NjJwRd2VFHEmrywxf5vsZlh4R6lixl6B+wz/8d+maTSAkN1FIkI3LQ==

uuid@^8.3.2:
  version "8.3.2"
  resolved "https://registry.yarnpkg.com/uuid/-/uuid-8.3.2.tgz#80d5b5ced271bb9af6c445f21a1a04c606cefbe2"
  integrity sha512-+NYs2QeMWy+GWFOEm9xnn6HCDp0l7QBD7ml8zLUmJ+93Q5NF0NocErnwkTkXVFNiX3/fpC6afS8Dhb/gz7R7eg==

xtend@^4.0.0:
  version "4.0.2"
  resolved "https://registry.yarnpkg.com/xtend/-/xtend-4.0.2.tgz#bb72779f5fa465186b1f438f674fa347fdb5db54"
  integrity sha512-LKYU1iAXJXUgAXn9URjiu+MWhyUXHsvfp7mcuYm9dSUKK0/CjtrUwFAxD82/mCWbtLsGjFIad0wIsod4zrTAEQ==
